
Microsoft Visual Studio Solution File, Format Version 12.00
# Visual Studio Version 16
VisualStudioVersion = 16.0.31613.86
MinimumVisualStudioVersion = 10.0.40219.1
Project("{9A19103F-16F7-4668-BE54-9A1E7A4F7556}") = "polymorphism_1", "polymorphism_1\polymorphism_1.csproj", "{AE854F05-357E-4A3B-9ED9-07D4D5978D46}"
EndProject
Project("{9A19103F-16F7-4668-BE54-9A1E7A4F7556}") = "polymorphism_2", "polymorphism_2\polymorphism_2.csproj", "{C91B3F25-13D1-420A-8081-3D760DFEE1B2}"
EndProject
Project("{9A19103F-16F7-4668-BE54-9A1E7A4F7556}") = "operatorOverloading", "operatorOverloading\operatorOverloading.csproj", "{11D6A6B7-0451-41BB-9AD2-A4CB93838C85}"
EndProject
Project("{9A19103F-16F7-4668-BE54-9A1E7A4F7556}") = "operatorOverloading_2", "operatorOverloading_2\operatorOverloading_2.csproj", "{932F490E-5022-4282-A79E-4517EBE7F380}"
EndProject
Project("{FAE04EC0-301F-11D3-BF4B-00C04F79EFBC}") = "methodOveridiing", "methodOveridiing\methodOveridiing.csproj", "{8EA1A302-4C62-496A-9146-7BD9990CD2F5}"
EndProject
Global
	GlobalSection(SolutionConfigurationPlatforms) = preSolution
		Debug|Any CPU = Debug|Any CPU
		Release|Any CPU = Release|Any CPU
	EndGlobalSection
	GlobalSection(ProjectConfigurationPlatforms) = postSolution
		{AE854F05-357E-4A3B-9ED9-07D4D5978D46}.Debug|Any CPU.ActiveCfg = Debug|Any CPU
		{AE854F05-357E-4A3B-9ED9-07D4D5978D46}.Debug|Any CPU.Build.0 = Debug|Any CPU
		{AE854F05-357E-4A3B-9ED9-07D4D5978D46}.Release|Any CPU.ActiveCfg = Release|Any CPU
		{AE854F05-357E-4A3B-9ED9-07D4D5978D46}.Release|Any CPU.Build.0 = Release|Any CPU
		{C91B3F25-13D1-420A-8081-3D760DFEE1B2}.Debug|Any CPU.ActiveCfg = Debug|Any CPU
		{C91B3F25-13D1-420A-8081-3D760DFEE1B2}.Debug|Any CPU.Build.0 = Debug|Any CPU
		{C91B3F25-13D1-420A-8081-3D760DFEE1B2}.Release|Any CPU.ActiveCfg = Release|Any CPU
		{C91B3F25-13D1-420A-8081-3D760DFEE1B2}.Release|Any CPU.Build.0 = Release|Any CPU
		{11D6A6B7-0451-41BB-9AD2-A4CB93838C85}.Debug|Any CPU.ActiveCfg = Debug|Any CPU
		{11D6A6B7-0451-41BB-9AD2-A4CB93838C85}.Debug|Any CPU.Build.0 = Debug|Any CPU
		{11D6A6B7-0451-41BB-9AD2-A4CB93838C85}.Release|Any CPU.ActiveCfg = Release|Any CPU
		{11D6A6B7-0451-41BB-9AD2-A4CB93838C85}.Release|Any CPU.Build.0 = Release|Any CPU
		{932F490E-5022-4282-A79E-4517EBE7F380}.Debug|Any CPU.ActiveCfg = Debug|Any CPU
		{932F490E-5022-4282-A79E-4517EBE7F380}.Debug|Any CPU.Build.0 = Debug|Any CPU
		{932F490E-5022-4282-A79E-4517EBE7F380}.Release|Any CPU.ActiveCfg = Release|Any CPU
		{932F490E-5022-4282-A79E-4517EBE7F380}.Release|Any CPU.Build.0 = Release|Any CPU
		{8EA1A302-4C62-496A-9146-7BD9990CD2F5}.Debug|Any CPU.ActiveCfg = Debug|Any CPU
		{8EA1A302-4C62-496A-9146-7BD9990CD2F5}.Debug|Any CPU.Build.0 = Debug|Any CPU
		{8EA1A302-4C62-496A-9146-7BD9990CD2F5}.Release|Any CPU.ActiveCfg = Release|Any CPU
		{8EA1A302-4C62-496A-9146-7BD9990CD2F5}.Release|Any CPU.Build.0 = Release|Any CPU
	EndGlobalSection
	GlobalSection(SolutionProperties) = preSolution
		HideSolutionNode = FALSE
	EndGlobalSection
	GlobalSection(ExtensibilityGlobals) = postSolution
		SolutionGuid = {214E8638-0CEB-41E8-923B-8B3203522458}
	EndGlobalSection
EndGlobal
